
Microsoft Visual Studio Solution File, Format Version 12.00
# Visual Studio Version 17
VisualStudioVersion = 17.8.34525.116
MinimumVisualStudioVersion = 10.0.40219.1
Project("{FAE04EC0-301F-11D3-BF4B-00C04F79EFBC}") = "GameDemo", "GameDemo\GameDemo.csproj", "{0CD17A49-200F-4474-90D8-73421BCCEAB9}"
EndProject
Project("{FAE04EC0-301F-11D3-BF4B-00C04F79EFBC}") = "Bussiness", "Bussiness\Bussiness.csproj", "{EA9CEE05-E181-4103-9EE8-6AB62826310E}"
EndProject
Project("{FAE04EC0-301F-11D3-BF4B-00C04F79EFBC}") = "DataAccess", "DataAccess\DataAccess.csproj", "{DDFB7B88-7AA6-49BC-9C5E-451BF4DCB656}"
EndProject
Project("{FAE04EC0-301F-11D3-BF4B-00C04F79EFBC}") = "Core", "Core\Core.csproj", "{A037AFC4-6A07-478E-87C0-F03A706CC601}"
EndProject
Project("{FAE04EC0-301F-11D3-BF4B-00C04F79EFBC}") = "Entities", "Entities\Entities.csproj", "{096B2CE5-790D-45D3-AD1A-54748621349E}"
EndProject
Global
	GlobalSection(SolutionConfigurationPlatforms) = preSolution
		Debug|Any CPU = Debug|Any CPU
		Release|Any CPU = Release|Any CPU
	EndGlobalSection
	GlobalSection(ProjectConfigurationPlatforms) = postSolution
		{0CD17A49-200F-4474-90D8-73421BCCEAB9}.Debug|Any CPU.ActiveCfg = Debug|Any CPU
		{0CD17A49-200F-4474-90D8-73421BCCEAB9}.Debug|Any CPU.Build.0 = Debug|Any CPU
		{0CD17A49-200F-4474-90D8-73421BCCEAB9}.Release|Any CPU.ActiveCfg = Release|Any CPU
		{0CD17A49-200F-4474-90D8-73421BCCEAB9}.Release|Any CPU.Build.0 = Release|Any CPU
		{EA9CEE05-E181-4103-9EE8-6AB62826310E}.Debug|Any CPU.ActiveCfg = Debug|Any CPU
		{EA9CEE05-E181-4103-9EE8-6AB62826310E}.Debug|Any CPU.Build.0 = Debug|Any CPU
		{EA9CEE05-E181-4103-9EE8-6AB62826310E}.Release|Any CPU.ActiveCfg = Release|Any CPU
		{EA9CEE05-E181-4103-9EE8-6AB62826310E}.Release|Any CPU.Build.0 = Release|Any CPU
		{DDFB7B88-7AA6-49BC-9C5E-451BF4DCB656}.Debug|Any CPU.ActiveCfg = Debug|Any CPU
		{DDFB7B88-7AA6-49BC-9C5E-451BF4DCB656}.Debug|Any CPU.Build.0 = Debug|Any CPU
		{DDFB7B88-7AA6-49BC-9C5E-451BF4DCB656}.Release|Any CPU.ActiveCfg = Release|Any CPU
		{DDFB7B88-7AA6-49BC-9C5E-451BF4DCB656}.Release|Any CPU.Build.0 = Release|Any CPU
		{A037AFC4-6A07-478E-87C0-F03A706CC601}.Debug|Any CPU.ActiveCfg = Debug|Any CPU
		{A037AFC4-6A07-478E-87C0-F03A706CC601}.Debug|Any CPU.Build.0 = Debug|Any CPU
		{A037AFC4-6A07-478E-87C0-F03A706CC601}.Release|Any CPU.ActiveCfg = Release|Any CPU
		{A037AFC4-6A07-478E-87C0-F03A706CC601}.Release|Any CPU.Build.0 = Release|Any CPU
		{096B2CE5-790D-45D3-AD1A-54748621349E}.Debug|Any CPU.ActiveCfg = Debug|Any CPU
		{096B2CE5-790D-45D3-AD1A-54748621349E}.Debug|Any CPU.Build.0 = Debug|Any CPU
		{096B2CE5-790D-45D3-AD1A-54748621349E}.Release|Any CPU.ActiveCfg = Release|Any CPU
		{096B2CE5-790D-45D3-AD1A-54748621349E}.Release|Any CPU.Build.0 = Release|Any CPU
	EndGlobalSection
	GlobalSection(SolutionProperties) = preSolution
		HideSolutionNode = FALSE
	EndGlobalSection
	GlobalSection(ExtensibilityGlobals) = postSolution
		SolutionGuid = {B40AA2EE-884C-4BA8-88F7-556886712091}
	EndGlobalSection
EndGlobal
